
Microsoft Visual Studio Solution File, Format Version 12.00
# Visual Studio Version 17
VisualStudioVersion = 17.13.35931.197 d17.13
MinimumVisualStudioVersion = 10.0.40219.1
Project("{D2ABAB84-BF74-430A-B69E-9DC6D40DDA17}") = "Data_Cube", "Data_Cube.dwproj", "{DABA3AA4-04D8-3F3E-878F-0C0CB945A4E3}"
EndProject
Global
	GlobalSection(SolutionConfigurationPlatforms) = preSolution
		Development|Default = Development|Default
	EndGlobalSection
	GlobalSection(ProjectConfigurationPlatforms) = postSolution
		{DABA3AA4-04D8-3F3E-878F-0C0CB945A4E3}.Development|Default.ActiveCfg = Development
		{DABA3AA4-04D8-3F3E-878F-0C0CB945A4E3}.Development|Default.Build.0 = Development
		{DABA3AA4-04D8-3F3E-878F-0C0CB945A4E3}.Development|Default.Deploy.0 = Development
	EndGlobalSection
	GlobalSection(SolutionProperties) = preSolution
		HideSolutionNode = FALSE
	EndGlobalSection
	GlobalSection(ExtensibilityGlobals) = postSolution
		SolutionGuid = {8EB3BF03-3418-4A64-AFF5-A933AD183950}
	EndGlobalSection
EndGlobal
